
Microsoft Visual Studio Solution File, Format Version 12.00
# Visual Studio Version 17
VisualStudioVersion = 17.9.34622.214
MinimumVisualStudioVersion = 10.0.40219.1
Project("{FAE04EC0-301F-11D3-BF4B-00C04F79EFBC}") = "RobotSim", "RobotSim.csproj", "{DC7A89A3-E255-4EE7-9BF4-B32A71C6E453}"
EndProject
Global
	GlobalSection(SolutionConfigurationPlatforms) = preSolution
		Debug|Any CPU = Debug|Any CPU
		Release|Any CPU = Release|Any CPU
	EndGlobalSection
	GlobalSection(ProjectConfigurationPlatforms) = postSolution
		{DC7A89A3-E255-4EE7-9BF4-B32A71C6E453}.Debug|Any CPU.ActiveCfg = Debug|Any CPU
		{DC7A89A3-E255-4EE7-9BF4-B32A71C6E453}.Debug|Any CPU.Build.0 = Debug|Any CPU
		{DC7A89A3-E255-4EE7-9BF4-B32A71C6E453}.Release|Any CPU.ActiveCfg = Release|Any CPU
		{DC7A89A3-E255-4EE7-9BF4-B32A71C6E453}.Release|Any CPU.Build.0 = Release|Any CPU
	EndGlobalSection
	GlobalSection(SolutionProperties) = preSolution
		HideSolutionNode = FALSE
	EndGlobalSection
	GlobalSection(ExtensibilityGlobals) = postSolution
		SolutionGuid = {7DDE83E5-D85A-4EF8-BACA-EE0269FC3045}
	EndGlobalSection
EndGlobal
