
Microsoft Visual Studio Solution File, Format Version 12.00
# Visual Studio Version 17
VisualStudioVersion = 17.5.33502.453
MinimumVisualStudioVersion = 10.0.40219.1
Project("{FAE04EC0-301F-11D3-BF4B-00C04F79EFBC}") = "Demonstrate", "Demonstrate.csproj", "{82EE201E-517A-42C4-A5A9-AFC64E0122CC}"
EndProject
Global
	GlobalSection(SolutionConfigurationPlatforms) = preSolution
		Debug|Any CPU = Debug|Any CPU
		Release|Any CPU = Release|Any CPU
	EndGlobalSection
	GlobalSection(ProjectConfigurationPlatforms) = postSolution
		{82EE201E-517A-42C4-A5A9-AFC64E0122CC}.Debug|Any CPU.ActiveCfg = Debug|Any CPU
		{82EE201E-517A-42C4-A5A9-AFC64E0122CC}.Debug|Any CPU.Build.0 = Debug|Any CPU
		{82EE201E-517A-42C4-A5A9-AFC64E0122CC}.Release|Any CPU.ActiveCfg = Release|Any CPU
		{82EE201E-517A-42C4-A5A9-AFC64E0122CC}.Release|Any CPU.Build.0 = Release|Any CPU
	EndGlobalSection
	GlobalSection(SolutionProperties) = preSolution
		HideSolutionNode = FALSE
	EndGlobalSection
	GlobalSection(ExtensibilityGlobals) = postSolution
		SolutionGuid = {763F14BA-BD71-4F21-B38C-1DCD4AD2B9E2}
	EndGlobalSection
EndGlobal
